
Microsoft Visual Studio Solution File, Format Version 12.00
# Visual Studio 2013
VisualStudioVersion = 12.0.21005.1
MinimumVisualStudioVersion = 10.0.40219.1
Project("{FAE04EC0-301F-11D3-BF4B-00C04F79EFBC}") = "Cars.Models", "Cars.Models\Cars.Models.csproj", "{1F2CC3E1-3C71-4873-B054-4D0256E96D88}"
EndProject
Project("{FAE04EC0-301F-11D3-BF4B-00C04F79EFBC}") = "Cars.Data", "Cars.Data\Cars.Data.csproj", "{9C87A4B5-68E2-4388-9425-B05F06D5B6C0}"
EndProject
Project("{FAE04EC0-301F-11D3-BF4B-00C04F79EFBC}") = "Cars.Web", "Cars.Web\Cars.Web.csproj", "{BA64E379-DF13-4CFA-B945-56979ADE44A0}"
EndProject
Global
	GlobalSection(SolutionConfigurationPlatforms) = preSolution
		Debug|Any CPU = Debug|Any CPU
		Release|Any CPU = Release|Any CPU
	EndGlobalSection
	GlobalSection(ProjectConfigurationPlatforms) = postSolution
		{1F2CC3E1-3C71-4873-B054-4D0256E96D88}.Debug|Any CPU.ActiveCfg = Debug|Any CPU
		{1F2CC3E1-3C71-4873-B054-4D0256E96D88}.Debug|Any CPU.Build.0 = Debug|Any CPU
		{1F2CC3E1-3C71-4873-B054-4D0256E96D88}.Release|Any CPU.ActiveCfg = Release|Any CPU
		{1F2CC3E1-3C71-4873-B054-4D0256E96D88}.Release|Any CPU.Build.0 = Release|Any CPU
		{9C87A4B5-68E2-4388-9425-B05F06D5B6C0}.Debug|Any CPU.ActiveCfg = Debug|Any CPU
		{9C87A4B5-68E2-4388-9425-B05F06D5B6C0}.Debug|Any CPU.Build.0 = Debug|Any CPU
		{9C87A4B5-68E2-4388-9425-B05F06D5B6C0}.Release|Any CPU.ActiveCfg = Release|Any CPU
		{9C87A4B5-68E2-4388-9425-B05F06D5B6C0}.Release|Any CPU.Build.0 = Release|Any CPU
		{BA64E379-DF13-4CFA-B945-56979ADE44A0}.Debug|Any CPU.ActiveCfg = Debug|Any CPU
		{BA64E379-DF13-4CFA-B945-56979ADE44A0}.Debug|Any CPU.Build.0 = Debug|Any CPU
		{BA64E379-DF13-4CFA-B945-56979ADE44A0}.Release|Any CPU.ActiveCfg = Release|Any CPU
		{BA64E379-DF13-4CFA-B945-56979ADE44A0}.Release|Any CPU.Build.0 = Release|Any CPU
	EndGlobalSection
	GlobalSection(SolutionProperties) = preSolution
		HideSolutionNode = FALSE
	EndGlobalSection
EndGlobal
